
Microsoft Visual Studio Solution File, Format Version 12.00
# Visual Studio 2013
VisualStudioVersion = 12.0.21005.1
MinimumVisualStudioVersion = 10.0.40219.1
Project("{FAE04EC0-301F-11D3-BF4B-00C04F79EFBC}") = "Oryza.Entities", "Oryza.Entities\Oryza.Entities.csproj", "{68F4D43B-3340-42F6-BF04-8060E7909567}"
EndProject
Project("{FAE04EC0-301F-11D3-BF4B-00C04F79EFBC}") = "Oryza.Composition", "Oryza.Composition\Oryza.Composition.csproj", "{F42A21F7-6232-4D18-8619-596F820A2CB4}"
EndProject
Project("{FAE04EC0-301F-11D3-BF4B-00C04F79EFBC}") = "Oryza.TestBase", "Oryza.TestBase\Oryza.TestBase.csproj", "{9171EE92-456E-499E-9818-4AD038899C08}"
EndProject
Project("{FAE04EC0-301F-11D3-BF4B-00C04F79EFBC}") = "Oryza.ServiceInterfaces", "Oryza.ServiceInterfaces\Oryza.ServiceInterfaces.csproj", "{3D397228-7F9E-4C6D-A2B0-2B72F247454C}"
EndProject
Project("{FAE04EC0-301F-11D3-BF4B-00C04F79EFBC}") = "Oryza.Utility", "Oryza.Utility\Oryza.Utility.csproj", "{FFDD6485-0755-4DA2-A0F3-09479D97FB83}"
EndProject
Project("{FAE04EC0-301F-11D3-BF4B-00C04F79EFBC}") = "Oryza.Infrastructure", "Oryza.Infrastructure\Oryza.Infrastructure.csproj", "{01D37C44-2FFE-48E7-A1D8-07D9F0EC72BF}"
EndProject
Project("{FAE04EC0-301F-11D3-BF4B-00C04F79EFBC}") = "Oryza.Infrastructure.Tests", "Oryza.Infrastructure.Tests\Oryza.Infrastructure.Tests.csproj", "{A7061358-D173-43B6-89A3-F4603F9F92F3}"
EndProject
Project("{FAE04EC0-301F-11D3-BF4B-00C04F79EFBC}") = "LegoBuildingBlock", "LegoBuildingBlock\LegoBuildingBlock.csproj", "{873F2146-DE94-426B-8533-4A00925751DD}"
EndProject
Global
	GlobalSection(SolutionConfigurationPlatforms) = preSolution
		Debug|Any CPU = Debug|Any CPU
		Release|Any CPU = Release|Any CPU
	EndGlobalSection
	GlobalSection(ProjectConfigurationPlatforms) = postSolution
		{68F4D43B-3340-42F6-BF04-8060E7909567}.Debug|Any CPU.ActiveCfg = Debug|Any CPU
		{68F4D43B-3340-42F6-BF04-8060E7909567}.Debug|Any CPU.Build.0 = Debug|Any CPU
		{68F4D43B-3340-42F6-BF04-8060E7909567}.Release|Any CPU.ActiveCfg = Release|Any CPU
		{68F4D43B-3340-42F6-BF04-8060E7909567}.Release|Any CPU.Build.0 = Release|Any CPU
		{F42A21F7-6232-4D18-8619-596F820A2CB4}.Debug|Any CPU.ActiveCfg = Debug|Any CPU
		{F42A21F7-6232-4D18-8619-596F820A2CB4}.Debug|Any CPU.Build.0 = Debug|Any CPU
		{F42A21F7-6232-4D18-8619-596F820A2CB4}.Release|Any CPU.ActiveCfg = Release|Any CPU
		{F42A21F7-6232-4D18-8619-596F820A2CB4}.Release|Any CPU.Build.0 = Release|Any CPU
		{9171EE92-456E-499E-9818-4AD038899C08}.Debug|Any CPU.ActiveCfg = Debug|Any CPU
		{9171EE92-456E-499E-9818-4AD038899C08}.Debug|Any CPU.Build.0 = Debug|Any CPU
		{9171EE92-456E-499E-9818-4AD038899C08}.Release|Any CPU.ActiveCfg = Release|Any CPU
		{9171EE92-456E-499E-9818-4AD038899C08}.Release|Any CPU.Build.0 = Release|Any CPU
		{3D397228-7F9E-4C6D-A2B0-2B72F247454C}.Debug|Any CPU.ActiveCfg = Debug|Any CPU
		{3D397228-7F9E-4C6D-A2B0-2B72F247454C}.Debug|Any CPU.Build.0 = Debug|Any CPU
		{3D397228-7F9E-4C6D-A2B0-2B72F247454C}.Release|Any CPU.ActiveCfg = Release|Any CPU
		{3D397228-7F9E-4C6D-A2B0-2B72F247454C}.Release|Any CPU.Build.0 = Release|Any CPU
		{FFDD6485-0755-4DA2-A0F3-09479D97FB83}.Debug|Any CPU.ActiveCfg = Debug|Any CPU
		{FFDD6485-0755-4DA2-A0F3-09479D97FB83}.Debug|Any CPU.Build.0 = Debug|Any CPU
		{FFDD6485-0755-4DA2-A0F3-09479D97FB83}.Release|Any CPU.ActiveCfg = Release|Any CPU
		{FFDD6485-0755-4DA2-A0F3-09479D97FB83}.Release|Any CPU.Build.0 = Release|Any CPU
		{01D37C44-2FFE-48E7-A1D8-07D9F0EC72BF}.Debug|Any CPU.ActiveCfg = Debug|Any CPU
		{01D37C44-2FFE-48E7-A1D8-07D9F0EC72BF}.Debug|Any CPU.Build.0 = Debug|Any CPU
		{01D37C44-2FFE-48E7-A1D8-07D9F0EC72BF}.Release|Any CPU.ActiveCfg = Release|Any CPU
		{01D37C44-2FFE-48E7-A1D8-07D9F0EC72BF}.Release|Any CPU.Build.0 = Release|Any CPU
		{A7061358-D173-43B6-89A3-F4603F9F92F3}.Debug|Any CPU.ActiveCfg = Debug|Any CPU
		{A7061358-D173-43B6-89A3-F4603F9F92F3}.Debug|Any CPU.Build.0 = Debug|Any CPU
		{A7061358-D173-43B6-89A3-F4603F9F92F3}.Release|Any CPU.ActiveCfg = Release|Any CPU
		{A7061358-D173-43B6-89A3-F4603F9F92F3}.Release|Any CPU.Build.0 = Release|Any CPU
		{873F2146-DE94-426B-8533-4A00925751DD}.Debug|Any CPU.ActiveCfg = Debug|Any CPU
		{873F2146-DE94-426B-8533-4A00925751DD}.Debug|Any CPU.Build.0 = Debug|Any CPU
		{873F2146-DE94-426B-8533-4A00925751DD}.Release|Any CPU.ActiveCfg = Release|Any CPU
		{873F2146-DE94-426B-8533-4A00925751DD}.Release|Any CPU.Build.0 = Release|Any CPU
	EndGlobalSection
	GlobalSection(SolutionProperties) = preSolution
		HideSolutionNode = FALSE
	EndGlobalSection
EndGlobal
