
Microsoft Visual Studio Solution File, Format Version 12.00
# Visual Studio 2013
VisualStudioVersion = 12.0.21005.1
MinimumVisualStudioVersion = 10.0.40219.1
Project("{FAE04EC0-301F-11D3-BF4B-00C04F79EFBC}") = "Oryza.Entities", "Oryza.Entities\Oryza.Entities.csproj", "{68F4D43B-3340-42F6-BF04-8060E7909567}"
EndProject
Project("{FAE04EC0-301F-11D3-BF4B-00C04F79EFBC}") = "Oryza.Extract", "Oryza.Extract\Oryza.Extract.csproj", "{28252316-CD75-496C-AC25-793AA4D822D7}"
EndProject
Project("{FAE04EC0-301F-11D3-BF4B-00C04F79EFBC}") = "Oryza.Parsing", "Oryza.Parsing\Oryza.Parsing.csproj", "{638E79D8-A943-4F3F-9787-6DD782E006D3}"
EndProject
Project("{FAE04EC0-301F-11D3-BF4B-00C04F79EFBC}") = "Oryza.ServiceDispatcher", "Oryza.ServiceDispatcher\Oryza.ServiceDispatcher.csproj", "{2B269846-CDD3-4719-A2F9-5323BC4747E4}"
EndProject
Project("{FAE04EC0-301F-11D3-BF4B-00C04F79EFBC}") = "Oryza.Composition", "Oryza.Composition\Oryza.Composition.csproj", "{F42A21F7-6232-4D18-8619-596F820A2CB4}"
EndProject
Project("{FAE04EC0-301F-11D3-BF4B-00C04F79EFBC}") = "Oryza.TestBase", "Oryza.TestBase\Oryza.TestBase.csproj", "{9171EE92-456E-499E-9818-4AD038899C08}"
EndProject
Project("{FAE04EC0-301F-11D3-BF4B-00C04F79EFBC}") = "Oryza.ServiceInterfaces", "Oryza.ServiceInterfaces\Oryza.ServiceInterfaces.csproj", "{3D397228-7F9E-4C6D-A2B0-2B72F247454C}"
EndProject
Project("{FAE04EC0-301F-11D3-BF4B-00C04F79EFBC}") = "Oryza.Capture", "Oryza.Capture\Oryza.Capture.csproj", "{318FC6B6-2B48-40D9-B42B-F700470B89B3}"
EndProject
Project("{FAE04EC0-301F-11D3-BF4B-00C04F79EFBC}") = "Oryza.Configuration", "Oryza.Configuration\Oryza.Configuration.csproj", "{EEE1CBD4-8AB2-4BB9-B9B9-7CAEE3A7223F}"
EndProject
Project("{FAE04EC0-301F-11D3-BF4B-00C04F79EFBC}") = "Oryza.Capture.Tests", "Oryza.Capture.Tests\Oryza.Capture.Tests.csproj", "{490C5296-6EFB-4066-AF68-06A2CF97500E}"
EndProject
Project("{FAE04EC0-301F-11D3-BF4B-00C04F79EFBC}") = "Oryza.Extract.Tests", "Oryza.Extract.Tests\Oryza.Extract.Tests.csproj", "{AB789C86-CF07-4974-8C7A-63BCBF2E12B6}"
EndProject
Project("{FAE04EC0-301F-11D3-BF4B-00C04F79EFBC}") = "Oryza.Parsing.Tests", "Oryza.Parsing.Tests\Oryza.Parsing.Tests.csproj", "{891753F8-8561-411B-960E-A27A61E9E321}"
EndProject
Global
	GlobalSection(SolutionConfigurationPlatforms) = preSolution
		Debug|Any CPU = Debug|Any CPU
		Release|Any CPU = Release|Any CPU
	EndGlobalSection
	GlobalSection(ProjectConfigurationPlatforms) = postSolution
		{68F4D43B-3340-42F6-BF04-8060E7909567}.Debug|Any CPU.ActiveCfg = Debug|Any CPU
		{68F4D43B-3340-42F6-BF04-8060E7909567}.Debug|Any CPU.Build.0 = Debug|Any CPU
		{68F4D43B-3340-42F6-BF04-8060E7909567}.Release|Any CPU.ActiveCfg = Release|Any CPU
		{68F4D43B-3340-42F6-BF04-8060E7909567}.Release|Any CPU.Build.0 = Release|Any CPU
		{28252316-CD75-496C-AC25-793AA4D822D7}.Debug|Any CPU.ActiveCfg = Debug|Any CPU
		{28252316-CD75-496C-AC25-793AA4D822D7}.Debug|Any CPU.Build.0 = Debug|Any CPU
		{28252316-CD75-496C-AC25-793AA4D822D7}.Release|Any CPU.ActiveCfg = Release|Any CPU
		{28252316-CD75-496C-AC25-793AA4D822D7}.Release|Any CPU.Build.0 = Release|Any CPU
		{638E79D8-A943-4F3F-9787-6DD782E006D3}.Debug|Any CPU.ActiveCfg = Debug|Any CPU
		{638E79D8-A943-4F3F-9787-6DD782E006D3}.Debug|Any CPU.Build.0 = Debug|Any CPU
		{638E79D8-A943-4F3F-9787-6DD782E006D3}.Release|Any CPU.ActiveCfg = Release|Any CPU
		{638E79D8-A943-4F3F-9787-6DD782E006D3}.Release|Any CPU.Build.0 = Release|Any CPU
		{2B269846-CDD3-4719-A2F9-5323BC4747E4}.Debug|Any CPU.ActiveCfg = Debug|Any CPU
		{2B269846-CDD3-4719-A2F9-5323BC4747E4}.Debug|Any CPU.Build.0 = Debug|Any CPU
		{2B269846-CDD3-4719-A2F9-5323BC4747E4}.Release|Any CPU.ActiveCfg = Release|Any CPU
		{2B269846-CDD3-4719-A2F9-5323BC4747E4}.Release|Any CPU.Build.0 = Release|Any CPU
		{F42A21F7-6232-4D18-8619-596F820A2CB4}.Debug|Any CPU.ActiveCfg = Debug|Any CPU
		{F42A21F7-6232-4D18-8619-596F820A2CB4}.Debug|Any CPU.Build.0 = Debug|Any CPU
		{F42A21F7-6232-4D18-8619-596F820A2CB4}.Release|Any CPU.ActiveCfg = Release|Any CPU
		{F42A21F7-6232-4D18-8619-596F820A2CB4}.Release|Any CPU.Build.0 = Release|Any CPU
		{9171EE92-456E-499E-9818-4AD038899C08}.Debug|Any CPU.ActiveCfg = Debug|Any CPU
		{9171EE92-456E-499E-9818-4AD038899C08}.Debug|Any CPU.Build.0 = Debug|Any CPU
		{9171EE92-456E-499E-9818-4AD038899C08}.Release|Any CPU.ActiveCfg = Release|Any CPU
		{9171EE92-456E-499E-9818-4AD038899C08}.Release|Any CPU.Build.0 = Release|Any CPU
		{3D397228-7F9E-4C6D-A2B0-2B72F247454C}.Debug|Any CPU.ActiveCfg = Debug|Any CPU
		{3D397228-7F9E-4C6D-A2B0-2B72F247454C}.Debug|Any CPU.Build.0 = Debug|Any CPU
		{3D397228-7F9E-4C6D-A2B0-2B72F247454C}.Release|Any CPU.ActiveCfg = Release|Any CPU
		{3D397228-7F9E-4C6D-A2B0-2B72F247454C}.Release|Any CPU.Build.0 = Release|Any CPU
		{318FC6B6-2B48-40D9-B42B-F700470B89B3}.Debug|Any CPU.ActiveCfg = Debug|Any CPU
		{318FC6B6-2B48-40D9-B42B-F700470B89B3}.Debug|Any CPU.Build.0 = Debug|Any CPU
		{318FC6B6-2B48-40D9-B42B-F700470B89B3}.Release|Any CPU.ActiveCfg = Release|Any CPU
		{318FC6B6-2B48-40D9-B42B-F700470B89B3}.Release|Any CPU.Build.0 = Release|Any CPU
		{EEE1CBD4-8AB2-4BB9-B9B9-7CAEE3A7223F}.Debug|Any CPU.ActiveCfg = Debug|Any CPU
		{EEE1CBD4-8AB2-4BB9-B9B9-7CAEE3A7223F}.Debug|Any CPU.Build.0 = Debug|Any CPU
		{EEE1CBD4-8AB2-4BB9-B9B9-7CAEE3A7223F}.Release|Any CPU.ActiveCfg = Release|Any CPU
		{EEE1CBD4-8AB2-4BB9-B9B9-7CAEE3A7223F}.Release|Any CPU.Build.0 = Release|Any CPU
		{490C5296-6EFB-4066-AF68-06A2CF97500E}.Debug|Any CPU.ActiveCfg = Debug|Any CPU
		{490C5296-6EFB-4066-AF68-06A2CF97500E}.Debug|Any CPU.Build.0 = Debug|Any CPU
		{490C5296-6EFB-4066-AF68-06A2CF97500E}.Release|Any CPU.ActiveCfg = Release|Any CPU
		{490C5296-6EFB-4066-AF68-06A2CF97500E}.Release|Any CPU.Build.0 = Release|Any CPU
		{AB789C86-CF07-4974-8C7A-63BCBF2E12B6}.Debug|Any CPU.ActiveCfg = Debug|Any CPU
		{AB789C86-CF07-4974-8C7A-63BCBF2E12B6}.Debug|Any CPU.Build.0 = Debug|Any CPU
		{AB789C86-CF07-4974-8C7A-63BCBF2E12B6}.Release|Any CPU.ActiveCfg = Release|Any CPU
		{AB789C86-CF07-4974-8C7A-63BCBF2E12B6}.Release|Any CPU.Build.0 = Release|Any CPU
		{891753F8-8561-411B-960E-A27A61E9E321}.Debug|Any CPU.ActiveCfg = Debug|Any CPU
		{891753F8-8561-411B-960E-A27A61E9E321}.Debug|Any CPU.Build.0 = Debug|Any CPU
		{891753F8-8561-411B-960E-A27A61E9E321}.Release|Any CPU.ActiveCfg = Release|Any CPU
		{891753F8-8561-411B-960E-A27A61E9E321}.Release|Any CPU.Build.0 = Release|Any CPU
	EndGlobalSection
	GlobalSection(SolutionProperties) = preSolution
		HideSolutionNode = FALSE
	EndGlobalSection
EndGlobal
